
Microsoft Visual Studio Solution File, Format Version 12.00
# Visual Studio Version 16
VisualStudioVersion = 16.0.29609.76
MinimumVisualStudioVersion = 10.0.40219.1
Project("{FAE04EC0-301F-11D3-BF4B-00C04F79EFBC}") = "OFA.Repayment.WM", "OFA.Repayment.WM\OFA.Repayment.WM.csproj", "{976D8888-847D-4632-9A4E-ED425B035102}"
EndProject
Project("{FAE04EC0-301F-11D3-BF4B-00C04F79EFBC}") = "OFA.Repayment.WM.Test", "OFA.Repayment.WM.Test\OFA.Repayment.WM.Test.csproj", "{1AF09BCB-81B1-4452-87C4-061E53180191}"
EndProject
Global
	GlobalSection(SolutionConfigurationPlatforms) = preSolution
		Debug|Any CPU = Debug|Any CPU
		Release|Any CPU = Release|Any CPU
	EndGlobalSection
	GlobalSection(ProjectConfigurationPlatforms) = postSolution
		{976D8888-847D-4632-9A4E-ED425B035102}.Debug|Any CPU.ActiveCfg = Debug|Any CPU
		{976D8888-847D-4632-9A4E-ED425B035102}.Debug|Any CPU.Build.0 = Debug|Any CPU
		{976D8888-847D-4632-9A4E-ED425B035102}.Release|Any CPU.ActiveCfg = Release|Any CPU
		{976D8888-847D-4632-9A4E-ED425B035102}.Release|Any CPU.Build.0 = Release|Any CPU
		{1AF09BCB-81B1-4452-87C4-061E53180191}.Debug|Any CPU.ActiveCfg = Debug|Any CPU
		{1AF09BCB-81B1-4452-87C4-061E53180191}.Debug|Any CPU.Build.0 = Debug|Any CPU
		{1AF09BCB-81B1-4452-87C4-061E53180191}.Release|Any CPU.ActiveCfg = Release|Any CPU
		{1AF09BCB-81B1-4452-87C4-061E53180191}.Release|Any CPU.Build.0 = Release|Any CPU
	EndGlobalSection
	GlobalSection(SolutionProperties) = preSolution
		HideSolutionNode = FALSE
	EndGlobalSection
	GlobalSection(ExtensibilityGlobals) = postSolution
		SolutionGuid = {F02CABBF-8387-4DAF-B711-A446641C8C9D}
	EndGlobalSection
EndGlobal
